
Microsoft Visual Studio Solution File, Format Version 12.00
# Visual Studio 2013
VisualStudioVersion = 12.0.40629.0
MinimumVisualStudioVersion = 10.0.40219.1
Project("{FAE04EC0-301F-11D3-BF4B-00C04F79EFBC}") = "Wahventory", "Wahventory\Wahventory.csproj", "{AD16AD5C-CC3A-4BC7-A146-43EE2DFF4200}"
EndProject
Project("{6141683F-8A12-4E36-9623-2EB02B2C2303}") = "inventorywah", "inventorywah\inventorywah.isproj", "{121B21A2-76C6-488C-AC5A-6908E4B33581}"
	ProjectSection(ProjectDependencies) = postProject
		{AD16AD5C-CC3A-4BC7-A146-43EE2DFF4200} = {AD16AD5C-CC3A-4BC7-A146-43EE2DFF4200}
	EndProjectSection
EndProject
Global
	GlobalSection(SolutionConfigurationPlatforms) = preSolution
		CD_ROM|Any CPU = CD_ROM|Any CPU
		Debug|Any CPU = Debug|Any CPU
		DVD-5|Any CPU = DVD-5|Any CPU
		Release|Any CPU = Release|Any CPU
		SingleImage|Any CPU = SingleImage|Any CPU
	EndGlobalSection
	GlobalSection(ProjectConfigurationPlatforms) = postSolution
		{AD16AD5C-CC3A-4BC7-A146-43EE2DFF4200}.CD_ROM|Any CPU.ActiveCfg = Release|Any CPU
		{AD16AD5C-CC3A-4BC7-A146-43EE2DFF4200}.CD_ROM|Any CPU.Build.0 = Release|Any CPU
		{AD16AD5C-CC3A-4BC7-A146-43EE2DFF4200}.Debug|Any CPU.ActiveCfg = Debug|Any CPU
		{AD16AD5C-CC3A-4BC7-A146-43EE2DFF4200}.Debug|Any CPU.Build.0 = Debug|Any CPU
		{AD16AD5C-CC3A-4BC7-A146-43EE2DFF4200}.DVD-5|Any CPU.ActiveCfg = Debug|Any CPU
		{AD16AD5C-CC3A-4BC7-A146-43EE2DFF4200}.DVD-5|Any CPU.Build.0 = Debug|Any CPU
		{AD16AD5C-CC3A-4BC7-A146-43EE2DFF4200}.Release|Any CPU.ActiveCfg = Release|Any CPU
		{AD16AD5C-CC3A-4BC7-A146-43EE2DFF4200}.Release|Any CPU.Build.0 = Release|Any CPU
		{AD16AD5C-CC3A-4BC7-A146-43EE2DFF4200}.SingleImage|Any CPU.ActiveCfg = Release|Any CPU
		{AD16AD5C-CC3A-4BC7-A146-43EE2DFF4200}.SingleImage|Any CPU.Build.0 = Release|Any CPU
		{121B21A2-76C6-488C-AC5A-6908E4B33581}.CD_ROM|Any CPU.ActiveCfg = CD_ROM
		{121B21A2-76C6-488C-AC5A-6908E4B33581}.CD_ROM|Any CPU.Build.0 = CD_ROM
		{121B21A2-76C6-488C-AC5A-6908E4B33581}.Debug|Any CPU.ActiveCfg = DVD-5
		{121B21A2-76C6-488C-AC5A-6908E4B33581}.Debug|Any CPU.Build.0 = DVD-5
		{121B21A2-76C6-488C-AC5A-6908E4B33581}.DVD-5|Any CPU.ActiveCfg = DVD-5
		{121B21A2-76C6-488C-AC5A-6908E4B33581}.DVD-5|Any CPU.Build.0 = DVD-5
		{121B21A2-76C6-488C-AC5A-6908E4B33581}.Release|Any CPU.ActiveCfg = SingleImage
		{121B21A2-76C6-488C-AC5A-6908E4B33581}.Release|Any CPU.Build.0 = SingleImage
		{121B21A2-76C6-488C-AC5A-6908E4B33581}.SingleImage|Any CPU.ActiveCfg = SingleImage
		{121B21A2-76C6-488C-AC5A-6908E4B33581}.SingleImage|Any CPU.Build.0 = SingleImage
	EndGlobalSection
	GlobalSection(SolutionProperties) = preSolution
		HideSolutionNode = FALSE
	EndGlobalSection
EndGlobal
